
Microsoft Visual Studio Solution File, Format Version 12.00
# Visual Studio Version 17
VisualStudioVersion = 17.9.34723.18
MinimumVisualStudioVersion = 10.0.40219.1
Project("{FAE04EC0-301F-11D3-BF4B-00C04F79EFBC}") = "Huii", "Huii\Huii.csproj", "{45DAF666-1DC1-498B-AD79-6837EC2C0408}"
EndProject
Project("{FAE04EC0-301F-11D3-BF4B-00C04F79EFBC}") = "TestProject", "TestProject\TestProject.csproj", "{1D203E14-BC40-47EB-A160-91120F844D11}"
EndProject
Global
	GlobalSection(SolutionConfigurationPlatforms) = preSolution
		Debug|Any CPU = Debug|Any CPU
		Release|Any CPU = Release|Any CPU
	EndGlobalSection
	GlobalSection(ProjectConfigurationPlatforms) = postSolution
		{45DAF666-1DC1-498B-AD79-6837EC2C0408}.Debug|Any CPU.ActiveCfg = Debug|Any CPU
		{45DAF666-1DC1-498B-AD79-6837EC2C0408}.Debug|Any CPU.Build.0 = Debug|Any CPU
		{45DAF666-1DC1-498B-AD79-6837EC2C0408}.Release|Any CPU.ActiveCfg = Release|Any CPU
		{45DAF666-1DC1-498B-AD79-6837EC2C0408}.Release|Any CPU.Build.0 = Release|Any CPU
		{1D203E14-BC40-47EB-A160-91120F844D11}.Debug|Any CPU.ActiveCfg = Debug|Any CPU
		{1D203E14-BC40-47EB-A160-91120F844D11}.Debug|Any CPU.Build.0 = Debug|Any CPU
		{1D203E14-BC40-47EB-A160-91120F844D11}.Release|Any CPU.ActiveCfg = Release|Any CPU
		{1D203E14-BC40-47EB-A160-91120F844D11}.Release|Any CPU.Build.0 = Release|Any CPU
	EndGlobalSection
	GlobalSection(SolutionProperties) = preSolution
		HideSolutionNode = FALSE
	EndGlobalSection
	GlobalSection(ExtensibilityGlobals) = postSolution
		SolutionGuid = {3BCEC2E4-C529-47F2-877D-1AE106A3CE38}
	EndGlobalSection
EndGlobal
